{
  "name": "poker-api",
  "version": "1.0.0",
  "lockfileVersion": 1,
  "requires": true,
  "dependencies": {
    "sqlite": {
      "version": "4.0.14",
      "resolved": "https://registry.npmjs.org/sqlite/-/sqlite-4.0.14.tgz",
      "integrity": "sha512-U80Xp7ERil4kWr2MDR51S0AR+A8CzPjYMXnWdtkD5e34vUCZCE48hSIxJsOQSI84mGI1Y4N4qty4NNPhIDHJwQ=="
    }
  }
}
